// !$*UTF8*$!
{
	archiveVersion = 1;
	classes = {
	};
	objectVersion = 46;
	objects = {

/* Begin PBXBuildFile section */
		B71620491D153C9200F1FA4C /* HelpWindowController.m in Sources */ = {isa = PBXBuildFile; fileRef = B71620471D153C9200F1FA4C /* HelpWindowController.m */; };
		B716204A1D153C9200F1FA4C /* HelpWindowController.xib in Resources */ = {isa = PBXBuildFile; fileRef = B71620481D153C9200F1FA4C /* HelpWindowController.xib */; };
		B716204C1D191A4700F1FA4C /* README.md in Sources */ = {isa = PBXBuildFile; fileRef = B716204B1D191A4700F1FA4C /* README.md */; };
		B72E13E21CACE4B3006F9A52 /* AppKit.framework in Frameworks */ = {isa = PBXBuildFile; fileRef = B72E13E11CACE4B3006F9A52 /* AppKit.framework */; };
		B72E13E41CACE4B3006F9A52 /* Foundation.framework in Frameworks */ = {isa = PBXBuildFile; fileRef = B72E13E31CACE4B3006F9A52 /* Foundation.framework */; };
		B72E13E81CACE4B3006F9A52 /* XcodeBuddyPlugin.xcscheme in Resources */ = {isa = PBXBuildFile; fileRef = B72E13E71CACE4B3006F9A52 /* XcodeBuddyPlugin.xcscheme */; };
		B72E13EB1CACE4B3006F9A52 /* XcodeBuddyPlugin.m in Sources */ = {isa = PBXBuildFile; fileRef = B72E13EA1CACE4B3006F9A52 /* XcodeBuddyPlugin.m */; };
		B72E14051CACE583006F9A52 /* ClientSocket.m in Sources */ = {isa = PBXBuildFile; fileRef = B72E13F71CACE583006F9A52 /* ClientSocket.m */; };
		B72E14061CACE583006F9A52 /* CommContent.m in Sources */ = {isa = PBXBuildFile; fileRef = B72E13F91CACE583006F9A52 /* CommContent.m */; };
		B72E14071CACE583006F9A52 /* ConnectAlert.m in Sources */ = {isa = PBXBuildFile; fileRef = B72E13FB1CACE583006F9A52 /* ConnectAlert.m */; };
		B72E14081CACE583006F9A52 /* DVTUserNotificationCenter+XcodeBuddy.m in Sources */ = {isa = PBXBuildFile; fileRef = B72E13FD1CACE583006F9A52 /* DVTUserNotificationCenter+XcodeBuddy.m */; };
		B72E140A1CACE583006F9A52 /* NSObject_Extension.m in Sources */ = {isa = PBXBuildFile; fileRef = B72E14011CACE583006F9A52 /* NSObject_Extension.m */; };
		B72E140B1CACE583006F9A52 /* XcodeTheme.m in Sources */ = {isa = PBXBuildFile; fileRef = B72E14041CACE583006F9A52 /* XcodeTheme.m */; };
		B72E141A1CACE592006F9A52 /* GCDAsyncSocket.m in Sources */ = {isa = PBXBuildFile; fileRef = B72E14111CACE592006F9A52 /* GCDAsyncSocket.m */; };
		B75FA4FF1D13F0B100DCAEEE /* Image.xcassets in Resources */ = {isa = PBXBuildFile; fileRef = B75FA4FE1D13F0B100DCAEEE /* Image.xcassets */; };
		B7B091571CAD7DDF00A74EE9 /* DVTFoundation.framework in Frameworks */ = {isa = PBXBuildFile; fileRef = B7B091561CAD7DDF00A74EE9 /* DVTFoundation.framework */; };
		B7B091601CAD7EB600A74EE9 /* DeallocationObserver.m in Sources */ = {isa = PBXBuildFile; fileRef = B7B0915A1CAD7EB600A74EE9 /* DeallocationObserver.m */; };
		B7B091611CAD7EB600A74EE9 /* xcBuddyWeakObjectWrapper.m in Sources */ = {isa = PBXBuildFile; fileRef = B7B0915C1CAD7EB600A74EE9 /* xcBuddyWeakObjectWrapper.m */; };
		B7B091621CAD7EB600A74EE9 /* JRSwizzle.m in Sources */ = {isa = PBXBuildFile; fileRef = B7B0915F1CAD7EB600A74EE9 /* JRSwizzle.m */; };
		B7B091641CAD868D00A74EE9 /* DVTKit.framework in Frameworks */ = {isa = PBXBuildFile; fileRef = B7B091631CAD868D00A74EE9 /* DVTKit.framework */; };
		B7B091661CAD86FC00A74EE9 /* IDEKit.framework in Frameworks */ = {isa = PBXBuildFile; fileRef = B7B091651CAD86FC00A74EE9 /* IDEKit.framework */; };
		B7B0916C1CAD892900A74EE9 /* SendProjectFilesWindowController.m in Sources */ = {isa = PBXBuildFile; fileRef = B7B0916A1CAD892900A74EE9 /* SendProjectFilesWindowController.m */; };
		B7B0916D1CAD892900A74EE9 /* SendProjectFilesWindowController.xib in Resources */ = {isa = PBXBuildFile; fileRef = B7B0916B1CAD892900A74EE9 /* SendProjectFilesWindowController.xib */; };
		B7B80F661D7F15D20007765C /* image in Resources */ = {isa = PBXBuildFile; fileRef = B7B80F651D7F15D20007765C /* image */; };
		B7D239EF1D10FD9000D9A71A /* UserInfoKeys.m in Sources */ = {isa = PBXBuildFile; fileRef = B7D239EE1D10FD9000D9A71A /* UserInfoKeys.m */; };
/* End PBXBuildFile section */

/* Begin PBXFileReference section */
		B71620461D153C9200F1FA4C /* HelpWindowController.h */ = {isa = PBXFileReference; fileEncoding = 4; lastKnownFileType = sourcecode.c.h; name = HelpWindowController.h; path = WindowController/HelpWindowController.h; sourceTree = "<group>"; };
		B71620471D153C9200F1FA4C /* HelpWindowController.m */ = {isa = PBXFileReference; fileEncoding = 4; lastKnownFileType = sourcecode.c.objc; name = HelpWindowController.m; path = WindowController/HelpWindowController.m; sourceTree = "<group>"; };
		B71620481D153C9200F1FA4C /* HelpWindowController.xib */ = {isa = PBXFileReference; fileEncoding = 4; lastKnownFileType = file.xib; name = HelpWindowController.xib; path = WindowController/HelpWindowController.xib; sourceTree = "<group>"; };
		B716204B1D191A4700F1FA4C /* README.md */ = {isa = PBXFileReference; fileEncoding = 4; lastKnownFileType = net.daringfireball.markdown; path = README.md; sourceTree = "<group>"; };
		B72E13DE1CACE4B3006F9A52 /* XcodeBuddyPlugin.xcplugin */ = {isa = PBXFileReference; explicitFileType = wrapper.cfbundle; includeInIndex = 0; path = XcodeBuddyPlugin.xcplugin; sourceTree = BUILT_PRODUCTS_DIR; };
		B72E13E11CACE4B3006F9A52 /* AppKit.framework */ = {isa = PBXFileReference; lastKnownFileType = wrapper.framework; name = AppKit.framework; path = /System/Library/Frameworks/AppKit.framework; sourceTree = "<absolute>"; };
		B72E13E31CACE4B3006F9A52 /* Foundation.framework */ = {isa = PBXFileReference; lastKnownFileType = wrapper.framework; name = Foundation.framework; path = /System/Library/Frameworks/Foundation.framework; sourceTree = "<absolute>"; };
		B72E13E71CACE4B3006F9A52 /* XcodeBuddyPlugin.xcscheme */ = {isa = PBXFileReference; lastKnownFileType = text.xml; name = XcodeBuddyPlugin.xcscheme; path = XcodeBuddyPlugin.xcodeproj/xcshareddata/xcschemes/XcodeBuddyPlugin.xcscheme; sourceTree = SOURCE_ROOT; };
		B72E13E91CACE4B3006F9A52 /* XcodeBuddyPlugin.h */ = {isa = PBXFileReference; lastKnownFileType = sourcecode.c.h; path = XcodeBuddyPlugin.h; sourceTree = "<group>"; };
		B72E13EA1CACE4B3006F9A52 /* XcodeBuddyPlugin.m */ = {isa = PBXFileReference; lastKnownFileType = sourcecode.c.objc; path = XcodeBuddyPlugin.m; sourceTree = "<group>"; };
		B72E13EF1CACE4B3006F9A52 /* Info.plist */ = {isa = PBXFileReference; lastKnownFileType = text.plist.xml; path = Info.plist; sourceTree = "<group>"; };
		B72E13F61CACE583006F9A52 /* ClientSocket.h */ = {isa = PBXFileReference; fileEncoding = 4; lastKnownFileType = sourcecode.c.h; path = ClientSocket.h; sourceTree = "<group>"; };
		B72E13F71CACE583006F9A52 /* ClientSocket.m */ = {isa = PBXFileReference; fileEncoding = 4; lastKnownFileType = sourcecode.c.objc; path = ClientSocket.m; sourceTree = "<group>"; };
		B72E13F81CACE583006F9A52 /* CommContent.h */ = {isa = PBXFileReference; fileEncoding = 4; lastKnownFileType = sourcecode.c.h; path = CommContent.h; sourceTree = "<group>"; };
		B72E13F91CACE583006F9A52 /* CommContent.m */ = {isa = PBXFileReference; fileEncoding = 4; lastKnownFileType = sourcecode.c.objc; path = CommContent.m; sourceTree = "<group>"; };
		B72E13FA1CACE583006F9A52 /* ConnectAlert.h */ = {isa = PBXFileReference; fileEncoding = 4; lastKnownFileType = sourcecode.c.h; path = ConnectAlert.h; sourceTree = "<group>"; };
		B72E13FB1CACE583006F9A52 /* ConnectAlert.m */ = {isa = PBXFileReference; fileEncoding = 4; lastKnownFileType = sourcecode.c.objc; path = ConnectAlert.m; sourceTree = "<group>"; };
		B72E13FC1CACE583006F9A52 /* DVTUserNotificationCenter+XcodeBuddy.h */ = {isa = PBXFileReference; fileEncoding = 4; lastKnownFileType = sourcecode.c.h; path = "DVTUserNotificationCenter+XcodeBuddy.h"; sourceTree = "<group>"; };
		B72E13FD1CACE583006F9A52 /* DVTUserNotificationCenter+XcodeBuddy.m */ = {isa = PBXFileReference; fileEncoding = 4; lastKnownFileType = sourcecode.c.objc; path = "DVTUserNotificationCenter+XcodeBuddy.m"; sourceTree = "<group>"; };
		B72E14001CACE583006F9A52 /* NSObject_Extension.h */ = {isa = PBXFileReference; fileEncoding = 4; lastKnownFileType = sourcecode.c.h; path = NSObject_Extension.h; sourceTree = "<group>"; };
		B72E14011CACE583006F9A52 /* NSObject_Extension.m */ = {isa = PBXFileReference; fileEncoding = 4; lastKnownFileType = sourcecode.c.objc; path = NSObject_Extension.m; sourceTree = "<group>"; };
		B72E14021CACE583006F9A52 /* Singleton.h */ = {isa = PBXFileReference; fileEncoding = 4; lastKnownFileType = sourcecode.c.h; path = Singleton.h; sourceTree = "<group>"; };
		B72E14031CACE583006F9A52 /* XcodeTheme.h */ = {isa = PBXFileReference; fileEncoding = 4; lastKnownFileType = sourcecode.c.h; path = XcodeTheme.h; sourceTree = "<group>"; };
		B72E14041CACE583006F9A52 /* XcodeTheme.m */ = {isa = PBXFileReference; fileEncoding = 4; lastKnownFileType = sourcecode.c.objc; path = XcodeTheme.m; sourceTree = "<group>"; };
		B72E140D1CACE592006F9A52 /* DVTFoundation.h */ = {isa = PBXFileReference; fileEncoding = 4; lastKnownFileType = sourcecode.c.h; path = DVTFoundation.h; sourceTree = "<group>"; };
		B72E140E1CACE592006F9A52 /* XcodePrivate.h */ = {isa = PBXFileReference; fileEncoding = 4; lastKnownFileType = sourcecode.c.h; path = XcodePrivate.h; sourceTree = "<group>"; };
		B72E14101CACE592006F9A52 /* GCDAsyncSocket.h */ = {isa = PBXFileReference; fileEncoding = 4; lastKnownFileType = sourcecode.c.h; path = GCDAsyncSocket.h; sourceTree = "<group>"; };
		B72E14111CACE592006F9A52 /* GCDAsyncSocket.m */ = {isa = PBXFileReference; fileEncoding = 4; lastKnownFileType = sourcecode.c.objc; path = GCDAsyncSocket.m; sourceTree = "<group>"; };
		B75FA4FE1D13F0B100DCAEEE /* Image.xcassets */ = {isa = PBXFileReference; lastKnownFileType = folder.assetcatalog; path = Image.xcassets; sourceTree = "<group>"; };
		B7B091561CAD7DDF00A74EE9 /* DVTFoundation.framework */ = {isa = PBXFileReference; lastKnownFileType = wrapper.framework; name = DVTFoundation.framework; path = ../../../../Applications/Xcode.app/Contents/SharedFrameworks/DVTFoundation.framework; sourceTree = "<group>"; };
		B7B091591CAD7EB600A74EE9 /* DeallocationObserver.h */ = {isa = PBXFileReference; fileEncoding = 4; lastKnownFileType = sourcecode.c.h; path = DeallocationObserver.h; sourceTree = "<group>"; };
		B7B0915A1CAD7EB600A74EE9 /* DeallocationObserver.m */ = {isa = PBXFileReference; fileEncoding = 4; lastKnownFileType = sourcecode.c.objc; path = DeallocationObserver.m; sourceTree = "<group>"; };
		B7B0915B1CAD7EB600A74EE9 /* xcBuddyWeakObjectWrapper.h */ = {isa = PBXFileReference; fileEncoding = 4; lastKnownFileType = sourcecode.c.h; path = xcBuddyWeakObjectWrapper.h; sourceTree = "<group>"; };
		B7B0915C1CAD7EB600A74EE9 /* xcBuddyWeakObjectWrapper.m */ = {isa = PBXFileReference; fileEncoding = 4; lastKnownFileType = sourcecode.c.objc; path = xcBuddyWeakObjectWrapper.m; sourceTree = "<group>"; };
		B7B0915E1CAD7EB600A74EE9 /* JRSwizzle.h */ = {isa = PBXFileReference; fileEncoding = 4; lastKnownFileType = sourcecode.c.h; path = JRSwizzle.h; sourceTree = "<group>"; };
		B7B0915F1CAD7EB600A74EE9 /* JRSwizzle.m */ = {isa = PBXFileReference; fileEncoding = 4; lastKnownFileType = sourcecode.c.objc; path = JRSwizzle.m; sourceTree = "<group>"; };
		B7B091631CAD868D00A74EE9 /* DVTKit.framework */ = {isa = PBXFileReference; lastKnownFileType = wrapper.framework; name = DVTKit.framework; path = ../../../../Applications/Xcode.app/Contents/SharedFrameworks/DVTKit.framework; sourceTree = "<group>"; };
		B7B091651CAD86FC00A74EE9 /* IDEKit.framework */ = {isa = PBXFileReference; lastKnownFileType = wrapper.framework; name = IDEKit.framework; path = ../../../../Applications/Xcode.app/Contents/Frameworks/IDEKit.framework; sourceTree = "<group>"; };
		B7B091691CAD892900A74EE9 /* SendProjectFilesWindowController.h */ = {isa = PBXFileReference; fileEncoding = 4; lastKnownFileType = sourcecode.c.h; name = SendProjectFilesWindowController.h; path = WindowController/SendProjectFilesWindowController.h; sourceTree = "<group>"; };
		B7B0916A1CAD892900A74EE9 /* SendProjectFilesWindowController.m */ = {isa = PBXFileReference; fileEncoding = 4; lastKnownFileType = sourcecode.c.objc; name = SendProjectFilesWindowController.m; path = WindowController/SendProjectFilesWindowController.m; sourceTree = "<group>"; };
		B7B0916B1CAD892900A74EE9 /* SendProjectFilesWindowController.xib */ = {isa = PBXFileReference; fileEncoding = 4; lastKnownFileType = file.xib; name = SendProjectFilesWindowController.xib; path = WindowController/SendProjectFilesWindowController.xib; sourceTree = "<group>"; };
		B7B80F651D7F15D20007765C /* image */ = {isa = PBXFileReference; lastKnownFileType = folder; path = image; sourceTree = "<group>"; };
		B7D239ED1D10FD9000D9A71A /* UserInfoKeys.h */ = {isa = PBXFileReference; fileEncoding = 4; lastKnownFileType = sourcecode.c.h; path = UserInfoKeys.h; sourceTree = "<group>"; };
		B7D239EE1D10FD9000D9A71A /* UserInfoKeys.m */ = {isa = PBXFileReference; fileEncoding = 4; lastKnownFileType = sourcecode.c.objc; path = UserInfoKeys.m; sourceTree = "<group>"; };
/* End PBXFileReference section */

/* Begin PBXFrameworksBuildPhase section */
		B72E13DC1CACE4B3006F9A52 /* Frameworks */ = {
			isa = PBXFrameworksBuildPhase;
			buildActionMask = 2147483647;
			files = (
				B72E13E21CACE4B3006F9A52 /* AppKit.framework in Frameworks */,
				B72E13E41CACE4B3006F9A52 /* Foundation.framework in Frameworks */,
				B7B091571CAD7DDF00A74EE9 /* DVTFoundation.framework in Frameworks */,
				B7B091641CAD868D00A74EE9 /* DVTKit.framework in Frameworks */,
				B7B091661CAD86FC00A74EE9 /* IDEKit.framework in Frameworks */,
			);
			runOnlyForDeploymentPostprocessing = 0;
		};
/* End PBXFrameworksBuildPhase section */

/* Begin PBXGroup section */
		B72E13D51CACE4B3006F9A52 = {
			isa = PBXGroup;
			children = (
				B7B80F651D7F15D20007765C /* image */,
				B716204B1D191A4700F1FA4C /* README.md */,
				B72E13E51CACE4B3006F9A52 /* XcodeBuddyPlugin */,
				B72E13E01CACE4B3006F9A52 /* Frameworks */,
				B72E13DF1CACE4B3006F9A52 /* Products */,
			);
			sourceTree = "<group>";
		};
		B72E13DF1CACE4B3006F9A52 /* Products */ = {
			isa = PBXGroup;
			children = (
				B72E13DE1CACE4B3006F9A52 /* XcodeBuddyPlugin.xcplugin */,
			);
			name = Products;
			sourceTree = "<group>";
		};
		B72E13E01CACE4B3006F9A52 /* Frameworks */ = {
			isa = PBXGroup;
			children = (
				B7B091651CAD86FC00A74EE9 /* IDEKit.framework */,
				B7B091631CAD868D00A74EE9 /* DVTKit.framework */,
				B7B091561CAD7DDF00A74EE9 /* DVTFoundation.framework */,
				B72E13E11CACE4B3006F9A52 /* AppKit.framework */,
				B72E13E31CACE4B3006F9A52 /* Foundation.framework */,
			);
			name = Frameworks;
			sourceTree = "<group>";
		};
		B72E13E51CACE4B3006F9A52 /* XcodeBuddyPlugin */ = {
			isa = PBXGroup;
			children = (
				B7D239F61D13DEAB00D9A71A /* WindowController */,
				B7B091581CAD7EB600A74EE9 /* Helper */,
				B7B0915D1CAD7EB600A74EE9 /* JRSwizzle */,
				B72E140C1CACE592006F9A52 /* XcodeHeaders */,
				B72E140F1CACE592006F9A52 /* AsyncSocket */,
				B72E13F51CACE583006F9A52 /* Classes */,
				B72E13E91CACE4B3006F9A52 /* XcodeBuddyPlugin.h */,
				B72E13EA1CACE4B3006F9A52 /* XcodeBuddyPlugin.m */,
				B72E13EF1CACE4B3006F9A52 /* Info.plist */,
				B72E13E61CACE4B3006F9A52 /* Supporting Files */,
				B75FA4FE1D13F0B100DCAEEE /* Image.xcassets */,
			);
			path = XcodeBuddyPlugin;
			sourceTree = "<group>";
		};
		B72E13E61CACE4B3006F9A52 /* Supporting Files */ = {
			isa = PBXGroup;
			children = (
				B72E13E71CACE4B3006F9A52 /* XcodeBuddyPlugin.xcscheme */,
			);
			name = "Supporting Files";
			sourceTree = "<group>";
		};
		B72E13F51CACE583006F9A52 /* Classes */ = {
			isa = PBXGroup;
			children = (
				B72E13F61CACE583006F9A52 /* ClientSocket.h */,
				B72E13F71CACE583006F9A52 /* ClientSocket.m */,
				B72E13F81CACE583006F9A52 /* CommContent.h */,
				B72E13F91CACE583006F9A52 /* CommContent.m */,
				B72E13FA1CACE583006F9A52 /* ConnectAlert.h */,
				B72E13FB1CACE583006F9A52 /* ConnectAlert.m */,
				B72E13FC1CACE583006F9A52 /* DVTUserNotificationCenter+XcodeBuddy.h */,
				B72E13FD1CACE583006F9A52 /* DVTUserNotificationCenter+XcodeBuddy.m */,
				B72E14001CACE583006F9A52 /* NSObject_Extension.h */,
				B72E14011CACE583006F9A52 /* NSObject_Extension.m */,
				B72E14021CACE583006F9A52 /* Singleton.h */,
				B72E14031CACE583006F9A52 /* XcodeTheme.h */,
				B72E14041CACE583006F9A52 /* XcodeTheme.m */,
				B7D239ED1D10FD9000D9A71A /* UserInfoKeys.h */,
				B7D239EE1D10FD9000D9A71A /* UserInfoKeys.m */,
			);
			path = Classes;
			sourceTree = "<group>";
		};
		B72E140C1CACE592006F9A52 /* XcodeHeaders */ = {
			isa = PBXGroup;
			children = (
				B72E140D1CACE592006F9A52 /* DVTFoundation.h */,
				B72E140E1CACE592006F9A52 /* XcodePrivate.h */,
			);
			path = XcodeHeaders;
			sourceTree = "<group>";
		};
		B72E140F1CACE592006F9A52 /* AsyncSocket */ = {
			isa = PBXGroup;
			children = (
				B72E14101CACE592006F9A52 /* GCDAsyncSocket.h */,
				B72E14111CACE592006F9A52 /* GCDAsyncSocket.m */,
			);
			path = AsyncSocket;
			sourceTree = "<group>";
		};
		B7B091581CAD7EB600A74EE9 /* Helper */ = {
			isa = PBXGroup;
			children = (
				B7B091591CAD7EB600A74EE9 /* DeallocationObserver.h */,
				B7B0915A1CAD7EB600A74EE9 /* DeallocationObserver.m */,
				B7B0915B1CAD7EB600A74EE9 /* xcBuddyWeakObjectWrapper.h */,
				B7B0915C1CAD7EB600A74EE9 /* xcBuddyWeakObjectWrapper.m */,
			);
			path = Helper;
			sourceTree = "<group>";
		};
		B7B0915D1CAD7EB600A74EE9 /* JRSwizzle */ = {
			isa = PBXGroup;
			children = (
				B7B0915E1CAD7EB600A74EE9 /* JRSwizzle.h */,
				B7B0915F1CAD7EB600A74EE9 /* JRSwizzle.m */,
			);
			path = JRSwizzle;
			sourceTree = "<group>";
		};
		B7D239F61D13DEAB00D9A71A /* WindowController */ = {
			isa = PBXGroup;
			children = (
				B71620461D153C9200F1FA4C /* HelpWindowController.h */,
				B71620471D153C9200F1FA4C /* HelpWindowController.m */,
				B71620481D153C9200F1FA4C /* HelpWindowController.xib */,
				B7B091691CAD892900A74EE9 /* SendProjectFilesWindowController.h */,
				B7B0916A1CAD892900A74EE9 /* SendProjectFilesWindowController.m */,
				B7B0916B1CAD892900A74EE9 /* SendProjectFilesWindowController.xib */,
			);
			name = WindowController;
			sourceTree = "<group>";
		};
/* End PBXGroup section */

/* Begin PBXNativeTarget section */
		B72E13DD1CACE4B3006F9A52 /* XcodeBuddyPlugin */ = {
			isa = PBXNativeTarget;
			buildConfigurationList = B72E13F21CACE4B3006F9A52 /* Build configuration list for PBXNativeTarget "XcodeBuddyPlugin" */;
			buildPhases = (
				B72E13DA1CACE4B3006F9A52 /* Sources */,
				B72E13DB1CACE4B3006F9A52 /* Resources */,
				B72E13DC1CACE4B3006F9A52 /* Frameworks */,
			);
			buildRules = (
			);
			dependencies = (
			);
			name = XcodeBuddyPlugin;
			productName = XcodeBuddyPlugin;
			productReference = B72E13DE1CACE4B3006F9A52 /* XcodeBuddyPlugin.xcplugin */;
			productType = "com.apple.product-type.bundle";
		};
/* End PBXNativeTarget section */

/* Begin PBXProject section */
		B72E13D61CACE4B3006F9A52 /* Project object */ = {
			isa = PBXProject;
			attributes = {
				LastUpgradeCheck = 0720;
				ORGANIZATIONNAME = crafthm;
				TargetAttributes = {
					B72E13DD1CACE4B3006F9A52 = {
						CreatedOnToolsVersion = 7.2;
					};
				};
			};
			buildConfigurationList = B72E13D91CACE4B3006F9A52 /* Build configuration list for PBXProject "XcodeBuddyPlugin" */;
			compatibilityVersion = "Xcode 3.2";
			developmentRegion = English;
			hasScannedForEncodings = 0;
			knownRegions = (
				en,
			);
			mainGroup = B72E13D51CACE4B3006F9A52;
			productRefGroup = B72E13DF1CACE4B3006F9A52 /* Products */;
			projectDirPath = "";
			projectRoot = "";
			targets = (
				B72E13DD1CACE4B3006F9A52 /* XcodeBuddyPlugin */,
			);
		};
/* End PBXProject section */

/* Begin PBXResourcesBuildPhase section */
		B72E13DB1CACE4B3006F9A52 /* Resources */ = {
			isa = PBXResourcesBuildPhase;
			buildActionMask = 2147483647;
			files = (
				B75FA4FF1D13F0B100DCAEEE /* Image.xcassets in Resources */,
				B7B80F661D7F15D20007765C /* image in Resources */,
				B72E13E81CACE4B3006F9A52 /* XcodeBuddyPlugin.xcscheme in Resources */,
				B716204A1D153C9200F1FA4C /* HelpWindowController.xib in Resources */,
				B7B0916D1CAD892900A74EE9 /* SendProjectFilesWindowController.xib in Resources */,
			);
			runOnlyForDeploymentPostprocessing = 0;
		};
/* End PBXResourcesBuildPhase section */

/* Begin PBXSourcesBuildPhase section */
		B72E13DA1CACE4B3006F9A52 /* Sources */ = {
			isa = PBXSourcesBuildPhase;
			buildActionMask = 2147483647;
			files = (
				B72E13EB1CACE4B3006F9A52 /* XcodeBuddyPlugin.m in Sources */,
				B7B091601CAD7EB600A74EE9 /* DeallocationObserver.m in Sources */,
				B7B091611CAD7EB600A74EE9 /* xcBuddyWeakObjectWrapper.m in Sources */,
				B72E140A1CACE583006F9A52 /* NSObject_Extension.m in Sources */,
				B72E14061CACE583006F9A52 /* CommContent.m in Sources */,
				B72E14081CACE583006F9A52 /* DVTUserNotificationCenter+XcodeBuddy.m in Sources */,
				B72E140B1CACE583006F9A52 /* XcodeTheme.m in Sources */,
				B72E141A1CACE592006F9A52 /* GCDAsyncSocket.m in Sources */,
				B72E14051CACE583006F9A52 /* ClientSocket.m in Sources */,
				B7B0916C1CAD892900A74EE9 /* SendProjectFilesWindowController.m in Sources */,
				B71620491D153C9200F1FA4C /* HelpWindowController.m in Sources */,
				B7B091621CAD7EB600A74EE9 /* JRSwizzle.m in Sources */,
				B716204C1D191A4700F1FA4C /* README.md in Sources */,
				B7D239EF1D10FD9000D9A71A /* UserInfoKeys.m in Sources */,
				B72E14071CACE583006F9A52 /* ConnectAlert.m in Sources */,
			);
			runOnlyForDeploymentPostprocessing = 0;
		};
/* End PBXSourcesBuildPhase section */

/* Begin XCBuildConfiguration section */
		B72E13F01CACE4B3006F9A52 /* Debug */ = {
			isa = XCBuildConfiguration;
			buildSettings = {
				ALWAYS_SEARCH_USER_PATHS = NO;
				CLANG_CXX_LANGUAGE_STANDARD = "gnu++0x";
				CLANG_CXX_LIBRARY = "libc++";
				CLANG_ENABLE_MODULES = YES;
				CLANG_ENABLE_OBJC_ARC = YES;
				CLANG_WARN_BOOL_CONVERSION = YES;
				CLANG_WARN_CONSTANT_CONVERSION = YES;
				CLANG_WARN_DIRECT_OBJC_ISA_USAGE = YES_ERROR;
				CLANG_WARN_EMPTY_BODY = YES;
				CLANG_WARN_ENUM_CONVERSION = YES;
				CLANG_WARN_INT_CONVERSION = YES;
				CLANG_WARN_OBJC_ROOT_CLASS = YES_ERROR;
				CLANG_WARN_UNREACHABLE_CODE = YES;
				CLANG_WARN__DUPLICATE_METHOD_MATCH = YES;
				COMBINE_HIDPI_IMAGES = YES;
				COPY_PHASE_STRIP = NO;
				DEBUG_INFORMATION_FORMAT = dwarf;
				DEPLOYMENT_LOCATION = YES;
				DSTROOT = "${HOME}";
				ENABLE_STRICT_OBJC_MSGSEND = YES;
				ENABLE_TESTABILITY = YES;
				GCC_C_LANGUAGE_STANDARD = gnu99;
				GCC_DYNAMIC_NO_PIC = NO;
				GCC_NO_COMMON_BLOCKS = YES;
				GCC_OPTIMIZATION_LEVEL = 0;
				GCC_PREPROCESSOR_DEFINITIONS = (
					"DEBUG=1",
					"$(inherited)",
				);
				GCC_WARN_64_TO_32_BIT_CONVERSION = YES;
				GCC_WARN_ABOUT_RETURN_TYPE = YES_ERROR;
				GCC_WARN_UNDECLARED_SELECTOR = YES;
				GCC_WARN_UNINITIALIZED_AUTOS = YES_AGGRESSIVE;
				GCC_WARN_UNUSED_FUNCTION = YES;
				GCC_WARN_UNUSED_VARIABLE = YES;
				INSTALL_PATH = "~/Library/Application Support/Developer/Shared/Xcode/Plug-ins";
				MTL_ENABLE_DEBUG_INFO = YES;
				ONLY_ACTIVE_ARCH = NO;
				SDKROOT = macosx;
			};
			name = Debug;
		};
		B72E13F11CACE4B3006F9A52 /* Release */ = {
			isa = XCBuildConfiguration;
			buildSettings = {
				ALWAYS_SEARCH_USER_PATHS = NO;
				CLANG_CXX_LANGUAGE_STANDARD = "gnu++0x";
				CLANG_CXX_LIBRARY = "libc++";
				CLANG_ENABLE_MODULES = YES;
				CLANG_ENABLE_OBJC_ARC = YES;
				CLANG_WARN_BOOL_CONVERSION = YES;
				CLANG_WARN_CONSTANT_CONVERSION = YES;
				CLANG_WARN_DIRECT_OBJC_ISA_USAGE = YES_ERROR;
				CLANG_WARN_EMPTY_BODY = YES;
				CLANG_WARN_ENUM_CONVERSION = YES;
				CLANG_WARN_INT_CONVERSION = YES;
				CLANG_WARN_OBJC_ROOT_CLASS = YES_ERROR;
				CLANG_WARN_UNREACHABLE_CODE = YES;
				CLANG_WARN__DUPLICATE_METHOD_MATCH = YES;
				COMBINE_HIDPI_IMAGES = YES;
				COPY_PHASE_STRIP = NO;
				DEBUG_INFORMATION_FORMAT = "dwarf-with-dsym";
				DEPLOYMENT_LOCATION = YES;
				DSTROOT = "${HOME}";
				ENABLE_NS_ASSERTIONS = NO;
				ENABLE_STRICT_OBJC_MSGSEND = YES;
				ENABLE_TESTABILITY = YES;
				GCC_C_LANGUAGE_STANDARD = gnu99;
				GCC_NO_COMMON_BLOCKS = YES;
				GCC_WARN_64_TO_32_BIT_CONVERSION = YES;
				GCC_WARN_ABOUT_RETURN_TYPE = YES_ERROR;
				GCC_WARN_UNDECLARED_SELECTOR = YES;
				GCC_WARN_UNINITIALIZED_AUTOS = YES_AGGRESSIVE;
				GCC_WARN_UNUSED_FUNCTION = YES;
				GCC_WARN_UNUSED_VARIABLE = YES;
				INSTALL_PATH = "~/Library/Application Support/Developer/Shared/Xcode/Plug-ins";
				MTL_ENABLE_DEBUG_INFO = NO;
				ONLY_ACTIVE_ARCH = YES;
				SDKROOT = macosx;
			};
			name = Release;
		};
		B72E13F31CACE4B3006F9A52 /* Debug */ = {
			isa = XCBuildConfiguration;
			buildSettings = {
				COMBINE_HIDPI_IMAGES = YES;
				DEPLOYMENT_LOCATION = YES;
				DSTROOT = "$(HOME)";
				FRAMEWORK_SEARCH_PATHS = (
					/Applications/Xcode.app/Contents/Frameworks,
					/Applications/Xcode.app/Contents/SharedFrameworks,
				);
				INFOPLIST_FILE = XcodeBuddyPlugin/Info.plist;
				INSTALL_PATH = "/Library/Application Support/Developer/Shared/Xcode/Plug-ins";
				MACOSX_DEPLOYMENT_TARGET = 10.11;
				PRODUCT_BUNDLE_IDENTIFIER = com.crafthm.XcodeBuddyPlugin;
				PRODUCT_NAME = "$(TARGET_NAME)";
				WRAPPER_EXTENSION = xcplugin;
			};
			name = Debug;
		};
		B72E13F41CACE4B3006F9A52 /* Release */ = {
			isa = XCBuildConfiguration;
			buildSettings = {
				COMBINE_HIDPI_IMAGES = YES;
				DEPLOYMENT_LOCATION = YES;
				DSTROOT = "$(HOME)";
				FRAMEWORK_SEARCH_PATHS = (
					/Applications/Xcode.app/Contents/Frameworks,
					/Applications/Xcode.app/Contents/SharedFrameworks,
				);
				INFOPLIST_FILE = XcodeBuddyPlugin/Info.plist;
				INSTALL_PATH = "/Library/Application Support/Developer/Shared/Xcode/Plug-ins";
				MACOSX_DEPLOYMENT_TARGET = 10.11;
				ONLY_ACTIVE_ARCH = NO;
				PRODUCT_BUNDLE_IDENTIFIER = com.crafthm.XcodeBuddyPlugin;
				PRODUCT_NAME = "$(TARGET_NAME)";
				WRAPPER_EXTENSION = xcplugin;
			};
			name = Release;
		};
/* End XCBuildConfiguration section */

/* Begin XCConfigurationList section */
		B72E13D91CACE4B3006F9A52 /* Build configuration list for PBXProject "XcodeBuddyPlugin" */ = {
			isa = XCConfigurationList;
			buildConfigurations = (
				B72E13F01CACE4B3006F9A52 /* Debug */,
				B72E13F11CACE4B3006F9A52 /* Release */,
			);
			defaultConfigurationIsVisible = 0;
			defaultConfigurationName = Release;
		};
		B72E13F21CACE4B3006F9A52 /* Build configuration list for PBXNativeTarget "XcodeBuddyPlugin" */ = {
			isa = XCConfigurationList;
			buildConfigurations = (
				B72E13F31CACE4B3006F9A52 /* Debug */,
				B72E13F41CACE4B3006F9A52 /* Release */,
			);
			defaultConfigurationIsVisible = 0;
			defaultConfigurationName = Release;
		};
/* End XCConfigurationList section */
	};
	rootObject = B72E13D61CACE4B3006F9A52 /* Project object */;
}
